
Microsoft Visual Studio Solution File, Format Version 12.00
# Visual Studio Version 16
VisualStudioVersion = 16.0.30523.141
MinimumVisualStudioVersion = 10.0.40219.1
Project("{FAE04EC0-301F-11D3-BF4B-00C04F79EFBC}") = "10Regine", "10Regine.csproj", "{A46810D0-9C76-4469-9523-CD621BBE4526}"
EndProject
Global
	GlobalSection(SolutionConfigurationPlatforms) = preSolution
		Debug|Any CPU = Debug|Any CPU
		Release|Any CPU = Release|Any CPU
	EndGlobalSection
	GlobalSection(ProjectConfigurationPlatforms) = postSolution
		{A46810D0-9C76-4469-9523-CD621BBE4526}.Debug|Any CPU.ActiveCfg = Debug|Any CPU
		{A46810D0-9C76-4469-9523-CD621BBE4526}.Debug|Any CPU.Build.0 = Debug|Any CPU
		{A46810D0-9C76-4469-9523-CD621BBE4526}.Release|Any CPU.ActiveCfg = Release|Any CPU
		{A46810D0-9C76-4469-9523-CD621BBE4526}.Release|Any CPU.Build.0 = Release|Any CPU
	EndGlobalSection
	GlobalSection(SolutionProperties) = preSolution
		HideSolutionNode = FALSE
	EndGlobalSection
	GlobalSection(ExtensibilityGlobals) = postSolution
		SolutionGuid = {E63ED66C-4CCF-4686-83EB-63669518E7F8}
	EndGlobalSection
EndGlobal
