
Microsoft Visual Studio Solution File, Format Version 12.00
# Visual Studio Version 16
VisualStudioVersion = 16.0.30523.141
MinimumVisualStudioVersion = 10.0.40219.1
Project("{FAE04EC0-301F-11D3-BF4B-00C04F79EFBC}") = "11Eratostenes", "11Eratostenes.csproj", "{683315DB-7D8F-4F26-85D2-99797FA17085}"
EndProject
Global
	GlobalSection(SolutionConfigurationPlatforms) = preSolution
		Debug|Any CPU = Debug|Any CPU
		Release|Any CPU = Release|Any CPU
	EndGlobalSection
	GlobalSection(ProjectConfigurationPlatforms) = postSolution
		{683315DB-7D8F-4F26-85D2-99797FA17085}.Debug|Any CPU.ActiveCfg = Debug|Any CPU
		{683315DB-7D8F-4F26-85D2-99797FA17085}.Debug|Any CPU.Build.0 = Debug|Any CPU
		{683315DB-7D8F-4F26-85D2-99797FA17085}.Release|Any CPU.ActiveCfg = Release|Any CPU
		{683315DB-7D8F-4F26-85D2-99797FA17085}.Release|Any CPU.Build.0 = Release|Any CPU
	EndGlobalSection
	GlobalSection(SolutionProperties) = preSolution
		HideSolutionNode = FALSE
	EndGlobalSection
	GlobalSection(ExtensibilityGlobals) = postSolution
		SolutionGuid = {36AA57FC-68D4-4A79-9FF6-1C19F7C0C6A4}
	EndGlobalSection
EndGlobal
