
Microsoft Visual Studio Solution File, Format Version 12.00
# Visual Studio Version 16
VisualStudioVersion = 16.0.30523.141
MinimumVisualStudioVersion = 10.0.40219.1
Project("{FAE04EC0-301F-11D3-BF4B-00C04F79EFBC}") = "14BubbleSort", "14BubbleSort.csproj", "{9934F136-1524-446E-B53F-A67777635987}"
EndProject
Global
	GlobalSection(SolutionConfigurationPlatforms) = preSolution
		Debug|Any CPU = Debug|Any CPU
		Release|Any CPU = Release|Any CPU
	EndGlobalSection
	GlobalSection(ProjectConfigurationPlatforms) = postSolution
		{9934F136-1524-446E-B53F-A67777635987}.Debug|Any CPU.ActiveCfg = Debug|Any CPU
		{9934F136-1524-446E-B53F-A67777635987}.Debug|Any CPU.Build.0 = Debug|Any CPU
		{9934F136-1524-446E-B53F-A67777635987}.Release|Any CPU.ActiveCfg = Release|Any CPU
		{9934F136-1524-446E-B53F-A67777635987}.Release|Any CPU.Build.0 = Release|Any CPU
	EndGlobalSection
	GlobalSection(SolutionProperties) = preSolution
		HideSolutionNode = FALSE
	EndGlobalSection
	GlobalSection(ExtensibilityGlobals) = postSolution
		SolutionGuid = {52E8B75D-5726-4C47-BAF4-F18842360726}
	EndGlobalSection
EndGlobal
