
Microsoft Visual Studio Solution File, Format Version 12.00
# Visual Studio Version 16
VisualStudioVersion = 16.0.30523.141
MinimumVisualStudioVersion = 10.0.40219.1
Project("{FAE04EC0-301F-11D3-BF4B-00C04F79EFBC}") = "9Fibonacci", "9Fibonacci.csproj", "{40458E5D-8DE1-417C-A81D-520C9B073555}"
EndProject
Global
	GlobalSection(SolutionConfigurationPlatforms) = preSolution
		Debug|Any CPU = Debug|Any CPU
		Release|Any CPU = Release|Any CPU
	EndGlobalSection
	GlobalSection(ProjectConfigurationPlatforms) = postSolution
		{40458E5D-8DE1-417C-A81D-520C9B073555}.Debug|Any CPU.ActiveCfg = Debug|Any CPU
		{40458E5D-8DE1-417C-A81D-520C9B073555}.Debug|Any CPU.Build.0 = Debug|Any CPU
		{40458E5D-8DE1-417C-A81D-520C9B073555}.Release|Any CPU.ActiveCfg = Release|Any CPU
		{40458E5D-8DE1-417C-A81D-520C9B073555}.Release|Any CPU.Build.0 = Release|Any CPU
	EndGlobalSection
	GlobalSection(SolutionProperties) = preSolution
		HideSolutionNode = FALSE
	EndGlobalSection
	GlobalSection(ExtensibilityGlobals) = postSolution
		SolutionGuid = {BFF10406-8938-47A9-9986-25BB92191C9A}
	EndGlobalSection
EndGlobal
